
Microsoft Visual Studio Solution File, Format Version 12.00
# Visual Studio 15
VisualStudioVersion = 15.0.28010.2046
MinimumVisualStudioVersion = 10.0.40219.1
Project("{FAE04EC0-301F-11D3-BF4B-00C04F79EFBC}") = "WindowsFormsApp1", "WindowsFormsApp1\WindowsFormsApp1.csproj", "{795A9E7B-64ED-4E26-AB11-0E7773BA4635}"
EndProject
Global
	GlobalSection(SolutionConfigurationPlatforms) = preSolution
		Debug|Any CPU = Debug|Any CPU
		Release|Any CPU = Release|Any CPU
	EndGlobalSection
	GlobalSection(ProjectConfigurationPlatforms) = postSolution
		{795A9E7B-64ED-4E26-AB11-0E7773BA4635}.Debug|Any CPU.ActiveCfg = Debug|Any CPU
		{795A9E7B-64ED-4E26-AB11-0E7773BA4635}.Debug|Any CPU.Build.0 = Debug|Any CPU
		{795A9E7B-64ED-4E26-AB11-0E7773BA4635}.Release|Any CPU.ActiveCfg = Release|Any CPU
		{795A9E7B-64ED-4E26-AB11-0E7773BA4635}.Release|Any CPU.Build.0 = Release|Any CPU
	EndGlobalSection
	GlobalSection(SolutionProperties) = preSolution
		HideSolutionNode = FALSE
	EndGlobalSection
	GlobalSection(ExtensibilityGlobals) = postSolution
		SolutionGuid = {0301C87F-1E61-461C-85EB-272ADA72CE4B}
	EndGlobalSection
EndGlobal
